
Microsoft Visual Studio Solution File, Format Version 12.00
# Visual Studio 15
VisualStudioVersion = 15.0.27130.2024
MinimumVisualStudioVersion = 10.0.40219.1
Project("{FAE04EC0-301F-11D3-BF4B-00C04F79EFBC}") = "Economic.Core", "Economic.Core\Economic.Core.csproj", "{EA584160-FC22-4BF2-8B3C-CD6F7C30B541}"
EndProject
Project("{FAE04EC0-301F-11D3-BF4B-00C04F79EFBC}") = "Economic.Test", "Economic.Test\Economic.Test.csproj", "{991978B0-6827-403F-8F19-7271669372BB}"
EndProject
Project("{2150E333-8FDC-42A3-9474-1A3956D46DE8}") = "DB", "DB", "{772C948B-1095-425F-B50A-C0B87309D64C}"
	ProjectSection(SolutionItems) = preProject
		..\..\..\Users\juan Rene soler .LAPTOP-0AKJ8A1O\Desktop\Economic_Querys.sql = ..\..\..\Users\juan Rene soler .LAPTOP-0AKJ8A1O\Desktop\Economic_Querys.sql
	EndProjectSection
EndProject
Project("{FAE04EC0-301F-11D3-BF4B-00C04F79EFBC}") = "Economic.WEB", "Economic.WEB\Economic.WEB.csproj", "{A2438F45-C250-4CE3-8801-820EE6382DB4}"
EndProject
Global
	GlobalSection(SolutionConfigurationPlatforms) = preSolution
		Debug|Any CPU = Debug|Any CPU
		Release|Any CPU = Release|Any CPU
	EndGlobalSection
	GlobalSection(ProjectConfigurationPlatforms) = postSolution
		{EA584160-FC22-4BF2-8B3C-CD6F7C30B541}.Debug|Any CPU.ActiveCfg = Debug|Any CPU
		{EA584160-FC22-4BF2-8B3C-CD6F7C30B541}.Debug|Any CPU.Build.0 = Debug|Any CPU
		{EA584160-FC22-4BF2-8B3C-CD6F7C30B541}.Release|Any CPU.ActiveCfg = Release|Any CPU
		{EA584160-FC22-4BF2-8B3C-CD6F7C30B541}.Release|Any CPU.Build.0 = Release|Any CPU
		{991978B0-6827-403F-8F19-7271669372BB}.Debug|Any CPU.ActiveCfg = Debug|Any CPU
		{991978B0-6827-403F-8F19-7271669372BB}.Debug|Any CPU.Build.0 = Debug|Any CPU
		{991978B0-6827-403F-8F19-7271669372BB}.Release|Any CPU.ActiveCfg = Release|Any CPU
		{991978B0-6827-403F-8F19-7271669372BB}.Release|Any CPU.Build.0 = Release|Any CPU
		{A2438F45-C250-4CE3-8801-820EE6382DB4}.Debug|Any CPU.ActiveCfg = Debug|Any CPU
		{A2438F45-C250-4CE3-8801-820EE6382DB4}.Debug|Any CPU.Build.0 = Debug|Any CPU
		{A2438F45-C250-4CE3-8801-820EE6382DB4}.Release|Any CPU.ActiveCfg = Release|Any CPU
		{A2438F45-C250-4CE3-8801-820EE6382DB4}.Release|Any CPU.Build.0 = Release|Any CPU
	EndGlobalSection
	GlobalSection(SolutionProperties) = preSolution
		HideSolutionNode = FALSE
	EndGlobalSection
	GlobalSection(ExtensibilityGlobals) = postSolution
		SolutionGuid = {534FCF22-D690-4815-9574-AEF349708F2B}
	EndGlobalSection
EndGlobal
